
Microsoft Visual Studio Solution File, Format Version 12.00
# Visual Studio Version 17
VisualStudioVersion = 17.5.002.0
MinimumVisualStudioVersion = 10.0.40219.1
Project("{2150E333-8FDC-42A3-9474-1A3956D46DE8}") = "csharp-hello_world", "csharp-hello_world", "{7DC84479-7961-4562-A94C-FB2267558C6A}"
EndProject
Project("{9A19103F-16F7-4668-BE54-9A1E7A4F7556}") = "0-new_project", "csharp-hello_world\0-new_project\0-new_project.csproj", "{54F0281C-000C-4439-A3E8-E345ACCC56AE}"
EndProject
Global
	GlobalSection(SolutionConfigurationPlatforms) = preSolution
		Debug|Any CPU = Debug|Any CPU
		Release|Any CPU = Release|Any CPU
	EndGlobalSection
	GlobalSection(ProjectConfigurationPlatforms) = postSolution
		{54F0281C-000C-4439-A3E8-E345ACCC56AE}.Debug|Any CPU.ActiveCfg = Debug|Any CPU
		{54F0281C-000C-4439-A3E8-E345ACCC56AE}.Debug|Any CPU.Build.0 = Debug|Any CPU
		{54F0281C-000C-4439-A3E8-E345ACCC56AE}.Release|Any CPU.ActiveCfg = Release|Any CPU
		{54F0281C-000C-4439-A3E8-E345ACCC56AE}.Release|Any CPU.Build.0 = Release|Any CPU
	EndGlobalSection
	GlobalSection(SolutionProperties) = preSolution
		HideSolutionNode = FALSE
	EndGlobalSection
	GlobalSection(NestedProjects) = preSolution
		{54F0281C-000C-4439-A3E8-E345ACCC56AE} = {7DC84479-7961-4562-A94C-FB2267558C6A}
	EndGlobalSection
	GlobalSection(ExtensibilityGlobals) = postSolution
		SolutionGuid = {9BF4065B-F599-4A4D-AF37-3CEFC12EB1FE}
	EndGlobalSection
EndGlobal
