
Microsoft Visual Studio Solution File, Format Version 12.00
# Visual Studio Version 17
VisualStudioVersion = 17.0.31903.59
MinimumVisualStudioVersion = 10.0.40219.1
Project("{FAE04EC0-301F-11D3-BF4B-00C04F79EFBC}") = "Text", "Text\Text.csproj", "{D2DB518B-C768-456E-B822-44D0E44AD455}"
EndProject
Project("{FAE04EC0-301F-11D3-BF4B-00C04F79EFBC}") = "Text.Tests", "Text.Tests\Text.Tests.csproj", "{4C10FAD2-9B54-4BC5-BFA2-A95F684532CC}"
EndProject
Global
	GlobalSection(SolutionConfigurationPlatforms) = preSolution
		Debug|Any CPU = Debug|Any CPU
		Release|Any CPU = Release|Any CPU
	EndGlobalSection
	GlobalSection(SolutionProperties) = preSolution
		HideSolutionNode = FALSE
	EndGlobalSection
	GlobalSection(ProjectConfigurationPlatforms) = postSolution
		{D2DB518B-C768-456E-B822-44D0E44AD455}.Debug|Any CPU.ActiveCfg = Debug|Any CPU
		{D2DB518B-C768-456E-B822-44D0E44AD455}.Debug|Any CPU.Build.0 = Debug|Any CPU
		{D2DB518B-C768-456E-B822-44D0E44AD455}.Release|Any CPU.ActiveCfg = Release|Any CPU
		{D2DB518B-C768-456E-B822-44D0E44AD455}.Release|Any CPU.Build.0 = Release|Any CPU
		{4C10FAD2-9B54-4BC5-BFA2-A95F684532CC}.Debug|Any CPU.ActiveCfg = Debug|Any CPU
		{4C10FAD2-9B54-4BC5-BFA2-A95F684532CC}.Debug|Any CPU.Build.0 = Debug|Any CPU
		{4C10FAD2-9B54-4BC5-BFA2-A95F684532CC}.Release|Any CPU.ActiveCfg = Release|Any CPU
		{4C10FAD2-9B54-4BC5-BFA2-A95F684532CC}.Release|Any CPU.Build.0 = Release|Any CPU
	EndGlobalSection
EndGlobal
