
Microsoft Visual Studio Solution File, Format Version 12.00
# Visual Studio Version 17
VisualStudioVersion = 17.5.002.0
MinimumVisualStudioVersion = 10.0.40219.1
Project("{9A19103F-16F7-4668-BE54-9A1E7A4F7556}") = "0-queue", "0-queue\0-queue.csproj", "{7A2C8668-C152-47FD-B4F1-4D5227AD4BD0}"
EndProject
Global
	GlobalSection(SolutionConfigurationPlatforms) = preSolution
		Debug|Any CPU = Debug|Any CPU
		Release|Any CPU = Release|Any CPU
	EndGlobalSection
	GlobalSection(ProjectConfigurationPlatforms) = postSolution
		{7A2C8668-C152-47FD-B4F1-4D5227AD4BD0}.Debug|Any CPU.ActiveCfg = Debug|Any CPU
		{7A2C8668-C152-47FD-B4F1-4D5227AD4BD0}.Debug|Any CPU.Build.0 = Debug|Any CPU
		{7A2C8668-C152-47FD-B4F1-4D5227AD4BD0}.Release|Any CPU.ActiveCfg = Release|Any CPU
		{7A2C8668-C152-47FD-B4F1-4D5227AD4BD0}.Release|Any CPU.Build.0 = Release|Any CPU
	EndGlobalSection
	GlobalSection(SolutionProperties) = preSolution
		HideSolutionNode = FALSE
	EndGlobalSection
	GlobalSection(ExtensibilityGlobals) = postSolution
		SolutionGuid = {8AA6FFA8-2B68-4310-80E9-443DD797A6DE}
	EndGlobalSection
EndGlobal
