
Microsoft Visual Studio Solution File, Format Version 12.00
# Visual Studio Version 17
VisualStudioVersion = 17.0.31903.59
MinimumVisualStudioVersion = 10.0.40219.1
Project("{FAE04EC0-301F-11D3-BF4B-00C04F79EFBC}") = "MyMath", "MyMath\MyMath.csproj", "{E30A493F-CE9A-4EE4-A9C7-B49CA8C93FD9}"
EndProject
Project("{FAE04EC0-301F-11D3-BF4B-00C04F79EFBC}") = "MyMath.Tests", "MyMath.Tests\MyMath.Tests.csproj", "{ACFFF943-F3FB-42A6-93B0-6E9FCA2022AD}"
EndProject
Global
	GlobalSection(SolutionConfigurationPlatforms) = preSolution
		Debug|Any CPU = Debug|Any CPU
		Release|Any CPU = Release|Any CPU
	EndGlobalSection
	GlobalSection(SolutionProperties) = preSolution
		HideSolutionNode = FALSE
	EndGlobalSection
	GlobalSection(ProjectConfigurationPlatforms) = postSolution
		{E30A493F-CE9A-4EE4-A9C7-B49CA8C93FD9}.Debug|Any CPU.ActiveCfg = Debug|Any CPU
		{E30A493F-CE9A-4EE4-A9C7-B49CA8C93FD9}.Debug|Any CPU.Build.0 = Debug|Any CPU
		{E30A493F-CE9A-4EE4-A9C7-B49CA8C93FD9}.Release|Any CPU.ActiveCfg = Release|Any CPU
		{E30A493F-CE9A-4EE4-A9C7-B49CA8C93FD9}.Release|Any CPU.Build.0 = Release|Any CPU
		{ACFFF943-F3FB-42A6-93B0-6E9FCA2022AD}.Debug|Any CPU.ActiveCfg = Debug|Any CPU
		{ACFFF943-F3FB-42A6-93B0-6E9FCA2022AD}.Debug|Any CPU.Build.0 = Debug|Any CPU
		{ACFFF943-F3FB-42A6-93B0-6E9FCA2022AD}.Release|Any CPU.ActiveCfg = Release|Any CPU
		{ACFFF943-F3FB-42A6-93B0-6E9FCA2022AD}.Release|Any CPU.Build.0 = Release|Any CPU
	EndGlobalSection
EndGlobal