
Microsoft Visual Studio Solution File, Format Version 12.00
# Visual Studio Version 17
VisualStudioVersion = 17.0.31903.59
MinimumVisualStudioVersion = 10.0.40219.1
Project("{FAE04EC0-301F-11D3-BF4B-00C04F79EFBC}") = "MyMath", "MyMath\MyMath.csproj", "{008031BB-9218-4CFF-AB69-186F74B92983}"
EndProject
Project("{FAE04EC0-301F-11D3-BF4B-00C04F79EFBC}") = "MyMath.Tests", "MyMath.Tests\MyMath.Tests.csproj", "{16D7BF8F-A085-44EF-990E-BB02D5F85E9C}"
EndProject
Global
	GlobalSection(SolutionConfigurationPlatforms) = preSolution
		Debug|Any CPU = Debug|Any CPU
		Release|Any CPU = Release|Any CPU
	EndGlobalSection
	GlobalSection(SolutionProperties) = preSolution
		HideSolutionNode = FALSE
	EndGlobalSection
	GlobalSection(ProjectConfigurationPlatforms) = postSolution
		{008031BB-9218-4CFF-AB69-186F74B92983}.Debug|Any CPU.ActiveCfg = Debug|Any CPU
		{008031BB-9218-4CFF-AB69-186F74B92983}.Debug|Any CPU.Build.0 = Debug|Any CPU
		{008031BB-9218-4CFF-AB69-186F74B92983}.Release|Any CPU.ActiveCfg = Release|Any CPU
		{008031BB-9218-4CFF-AB69-186F74B92983}.Release|Any CPU.Build.0 = Release|Any CPU
		{16D7BF8F-A085-44EF-990E-BB02D5F85E9C}.Debug|Any CPU.ActiveCfg = Debug|Any CPU
		{16D7BF8F-A085-44EF-990E-BB02D5F85E9C}.Debug|Any CPU.Build.0 = Debug|Any CPU
		{16D7BF8F-A085-44EF-990E-BB02D5F85E9C}.Release|Any CPU.ActiveCfg = Release|Any CPU
		{16D7BF8F-A085-44EF-990E-BB02D5F85E9C}.Release|Any CPU.Build.0 = Release|Any CPU
	EndGlobalSection
EndGlobal
