
Microsoft Visual Studio Solution File, Format Version 12.00
# Visual Studio Version 17
VisualStudioVersion = 17.5.002.0
MinimumVisualStudioVersion = 10.0.40219.1
Project("{9A19103F-16F7-4668-BE54-9A1E7A4F7556}") = "0-abstract_thinking", "0-abstract_thinking\0-abstract_thinking.csproj", "{B82FEB57-F0E8-4499-AF07-753C236FD278}"
EndProject
Global
	GlobalSection(SolutionConfigurationPlatforms) = preSolution
		Debug|Any CPU = Debug|Any CPU
		Release|Any CPU = Release|Any CPU
	EndGlobalSection
	GlobalSection(ProjectConfigurationPlatforms) = postSolution
		{B82FEB57-F0E8-4499-AF07-753C236FD278}.Debug|Any CPU.ActiveCfg = Debug|Any CPU
		{B82FEB57-F0E8-4499-AF07-753C236FD278}.Debug|Any CPU.Build.0 = Debug|Any CPU
		{B82FEB57-F0E8-4499-AF07-753C236FD278}.Release|Any CPU.ActiveCfg = Release|Any CPU
		{B82FEB57-F0E8-4499-AF07-753C236FD278}.Release|Any CPU.Build.0 = Release|Any CPU
	EndGlobalSection
	GlobalSection(SolutionProperties) = preSolution
		HideSolutionNode = FALSE
	EndGlobalSection
	GlobalSection(ExtensibilityGlobals) = postSolution
		SolutionGuid = {BB1C8028-CD3C-4EEA-A40E-B40774811430}
	EndGlobalSection
EndGlobal
